
Microsoft Visual Studio Solution File, Format Version 12.00
# Visual Studio 15
Project("{FAE04EC0-301F-11D3-BF4B-00C04F79EFBC}") = "Assembly-CSharp", "Assembly-CSharp.csproj", "{2BFD78CF-9882-0238-FC0E-4AE90FDEB007}"
EndProject
Project("{FAE04EC0-301F-11D3-BF4B-00C04F79EFBC}") = "Assembly-CSharp-Editor", "Assembly-CSharp-Editor.csproj", "{3916F3B9-B12D-9BAF-BFF3-583975BFD85C}"
EndProject
Project("{FAE04EC0-301F-11D3-BF4B-00C04F79EFBC}") = "Assembly-CSharp", "Assembly-CSharp.Player.csproj", "{77F3DAE3-2527-5D97-3E94-3B12FFFBFD4A}"
EndProject
Global
	GlobalSection(SolutionConfigurationPlatforms) = preSolution
		Debug|Any CPU = Debug|Any CPU
		Release|Any CPU = Release|Any CPU
	EndGlobalSection
	GlobalSection(ProjectConfigurationPlatforms) = postSolution
		{2BFD78CF-9882-0238-FC0E-4AE90FDEB007}.Debug|Any CPU.ActiveCfg = Debug|Any CPU
		{2BFD78CF-9882-0238-FC0E-4AE90FDEB007}.Debug|Any CPU.Build.0 = Debug|Any CPU
		{2BFD78CF-9882-0238-FC0E-4AE90FDEB007}.Release|Any CPU.ActiveCfg = Release|Any CPU
		{2BFD78CF-9882-0238-FC0E-4AE90FDEB007}.Release|Any CPU.Build.0 = Release|Any CPU
		{3916F3B9-B12D-9BAF-BFF3-583975BFD85C}.Debug|Any CPU.ActiveCfg = Debug|Any CPU
		{3916F3B9-B12D-9BAF-BFF3-583975BFD85C}.Debug|Any CPU.Build.0 = Debug|Any CPU
		{3916F3B9-B12D-9BAF-BFF3-583975BFD85C}.Release|Any CPU.ActiveCfg = Release|Any CPU
		{3916F3B9-B12D-9BAF-BFF3-583975BFD85C}.Release|Any CPU.Build.0 = Release|Any CPU
		{77F3DAE3-2527-5D97-3E94-3B12FFFBFD4A}.Debug|Any CPU.ActiveCfg = Debug|Any CPU
		{77F3DAE3-2527-5D97-3E94-3B12FFFBFD4A}.Debug|Any CPU.Build.0 = Debug|Any CPU
		{77F3DAE3-2527-5D97-3E94-3B12FFFBFD4A}.Release|Any CPU.ActiveCfg = Release|Any CPU
		{77F3DAE3-2527-5D97-3E94-3B12FFFBFD4A}.Release|Any CPU.Build.0 = Release|Any CPU
	EndGlobalSection
	GlobalSection(SolutionProperties) = preSolution
		HideSolutionNode = FALSE
	EndGlobalSection
EndGlobal
